
Microsoft Visual Studio Solution File, Format Version 12.00
# Visual Studio Version 16
VisualStudioVersion = 16.0.31729.503
MinimumVisualStudioVersion = 10.0.40219.1
Project("{FAE04EC0-301F-11D3-BF4B-00C04F79EFBC}") = "WebApplication2", "WebApplication2\WebApplication2.csproj", "{950ABA46-829C-46C8-926E-0D3316974264}"
EndProject
Project("{FAE04EC0-301F-11D3-BF4B-00C04F79EFBC}") = "EStockServices", "EStockServices\EStockServices.csproj", "{6584EA13-E1EF-487E-86BB-B625F7F747EF}"
EndProject
Project("{FAE04EC0-301F-11D3-BF4B-00C04F79EFBC}") = "APIGateway", "APIGateway\APIGateway.csproj", "{5DE9CB5C-A95D-444A-AC00-E8C7B0E77EC6}"
EndProject
Global
	GlobalSection(SolutionConfigurationPlatforms) = preSolution
		Debug|Any CPU = Debug|Any CPU
		Release|Any CPU = Release|Any CPU
	EndGlobalSection
	GlobalSection(ProjectConfigurationPlatforms) = postSolution
		{950ABA46-829C-46C8-926E-0D3316974264}.Debug|Any CPU.ActiveCfg = Debug|Any CPU
		{950ABA46-829C-46C8-926E-0D3316974264}.Debug|Any CPU.Build.0 = Debug|Any CPU
		{950ABA46-829C-46C8-926E-0D3316974264}.Release|Any CPU.ActiveCfg = Release|Any CPU
		{950ABA46-829C-46C8-926E-0D3316974264}.Release|Any CPU.Build.0 = Release|Any CPU
		{6584EA13-E1EF-487E-86BB-B625F7F747EF}.Debug|Any CPU.ActiveCfg = Debug|Any CPU
		{6584EA13-E1EF-487E-86BB-B625F7F747EF}.Debug|Any CPU.Build.0 = Debug|Any CPU
		{6584EA13-E1EF-487E-86BB-B625F7F747EF}.Release|Any CPU.ActiveCfg = Release|Any CPU
		{6584EA13-E1EF-487E-86BB-B625F7F747EF}.Release|Any CPU.Build.0 = Release|Any CPU
		{5DE9CB5C-A95D-444A-AC00-E8C7B0E77EC6}.Debug|Any CPU.ActiveCfg = Debug|Any CPU
		{5DE9CB5C-A95D-444A-AC00-E8C7B0E77EC6}.Debug|Any CPU.Build.0 = Debug|Any CPU
		{5DE9CB5C-A95D-444A-AC00-E8C7B0E77EC6}.Release|Any CPU.ActiveCfg = Release|Any CPU
		{5DE9CB5C-A95D-444A-AC00-E8C7B0E77EC6}.Release|Any CPU.Build.0 = Release|Any CPU
	EndGlobalSection
	GlobalSection(SolutionProperties) = preSolution
		HideSolutionNode = FALSE
	EndGlobalSection
	GlobalSection(ExtensibilityGlobals) = postSolution
		SolutionGuid = {EAD3DEED-BFA8-4339-9E4D-9A534E195F6F}
	EndGlobalSection
EndGlobal
